
Microsoft Visual Studio Solution File, Format Version 12.00
# Visual Studio Version 16
VisualStudioVersion = 16.0.31205.134
MinimumVisualStudioVersion = 10.0.40219.1
Project("{FAE04EC0-301F-11D3-BF4B-00C04F79EFBC}") = "Bookids", "Bookids\Bookids.csproj", "{643BE070-C8EA-4392-9187-8E6596B6BA51}"
EndProject
Global
	GlobalSection(SolutionConfigurationPlatforms) = preSolution
		Debug|Any CPU = Debug|Any CPU
		Release|Any CPU = Release|Any CPU
	EndGlobalSection
	GlobalSection(ProjectConfigurationPlatforms) = postSolution
		{643BE070-C8EA-4392-9187-8E6596B6BA51}.Debug|Any CPU.ActiveCfg = Debug|Any CPU
		{643BE070-C8EA-4392-9187-8E6596B6BA51}.Debug|Any CPU.Build.0 = Debug|Any CPU
		{643BE070-C8EA-4392-9187-8E6596B6BA51}.Release|Any CPU.ActiveCfg = Release|Any CPU
		{643BE070-C8EA-4392-9187-8E6596B6BA51}.Release|Any CPU.Build.0 = Release|Any CPU
	EndGlobalSection
	GlobalSection(SolutionProperties) = preSolution
		HideSolutionNode = FALSE
	EndGlobalSection
	GlobalSection(ExtensibilityGlobals) = postSolution
		SolutionGuid = {54D796DD-EAE7-4BBC-A3B9-13C5350E25D1}
	EndGlobalSection
EndGlobal
